
Microsoft Visual Studio Solution File, Format Version 12.00
# Visual Studio Version 16
VisualStudioVersion = 16.0.30114.105
MinimumVisualStudioVersion = 10.0.40219.1
Project("{FAE04EC0-301F-11D3-BF4B-00C04F79EFBC}") = "PairProgramming.POCOs", "PairProgramming.POCOs\PairProgramming.POCOs.csproj", "{2EFAF77F-8FC5-4982-AAD0-54FD22315F87}"
EndProject
Project("{FAE04EC0-301F-11D3-BF4B-00C04F79EFBC}") = "PairProgramming.UI", "PairProgramming.UI\PairProgramming.UI.csproj", "{3E9C3006-4F16-4C04-B1B9-F66FE684D217}"
EndProject
Global
	GlobalSection(SolutionConfigurationPlatforms) = preSolution
		Debug|Any CPU = Debug|Any CPU
		Release|Any CPU = Release|Any CPU
	EndGlobalSection
	GlobalSection(SolutionProperties) = preSolution
		HideSolutionNode = FALSE
	EndGlobalSection
	GlobalSection(ProjectConfigurationPlatforms) = postSolution
		{2EFAF77F-8FC5-4982-AAD0-54FD22315F87}.Debug|Any CPU.ActiveCfg = Debug|Any CPU
		{2EFAF77F-8FC5-4982-AAD0-54FD22315F87}.Debug|Any CPU.Build.0 = Debug|Any CPU
		{2EFAF77F-8FC5-4982-AAD0-54FD22315F87}.Release|Any CPU.ActiveCfg = Release|Any CPU
		{2EFAF77F-8FC5-4982-AAD0-54FD22315F87}.Release|Any CPU.Build.0 = Release|Any CPU
		{3E9C3006-4F16-4C04-B1B9-F66FE684D217}.Debug|Any CPU.ActiveCfg = Debug|Any CPU
		{3E9C3006-4F16-4C04-B1B9-F66FE684D217}.Debug|Any CPU.Build.0 = Debug|Any CPU
		{3E9C3006-4F16-4C04-B1B9-F66FE684D217}.Release|Any CPU.ActiveCfg = Release|Any CPU
		{3E9C3006-4F16-4C04-B1B9-F66FE684D217}.Release|Any CPU.Build.0 = Release|Any CPU
	EndGlobalSection
EndGlobal
